
Microsoft Visual Studio Solution File, Format Version 12.00
# Visual Studio 15
VisualStudioVersion = 15.0.26730.12
MinimumVisualStudioVersion = 10.0.40219.1
Project("{9A19103F-16F7-4668-BE54-9A1E7A4F7556}") = "Runner", "Runner\Runner.csproj", "{524ED8A7-B39B-4E54-BA25-BFB7B8567935}"
EndProject
Project("{9A19103F-16F7-4668-BE54-9A1E7A4F7556}") = "Tasks", "Tasks\Tasks.csproj", "{89009A09-9976-46C6-8D75-F1861367BC23}"
EndProject
Project("{FAE04EC0-301F-11D3-BF4B-00C04F79EFBC}") = "XUnitTestProject1", "XUnitTestProject1\XUnitTestProject1.csproj", "{728F84D0-61D0-4005-BB1C-EF667E187B50}"
EndProject
Global
	GlobalSection(SolutionConfigurationPlatforms) = preSolution
		Debug|Any CPU = Debug|Any CPU
		Release|Any CPU = Release|Any CPU
	EndGlobalSection
	GlobalSection(ProjectConfigurationPlatforms) = postSolution
		{524ED8A7-B39B-4E54-BA25-BFB7B8567935}.Debug|Any CPU.ActiveCfg = Debug|Any CPU
		{524ED8A7-B39B-4E54-BA25-BFB7B8567935}.Debug|Any CPU.Build.0 = Debug|Any CPU
		{524ED8A7-B39B-4E54-BA25-BFB7B8567935}.Release|Any CPU.ActiveCfg = Release|Any CPU
		{524ED8A7-B39B-4E54-BA25-BFB7B8567935}.Release|Any CPU.Build.0 = Release|Any CPU
		{89009A09-9976-46C6-8D75-F1861367BC23}.Debug|Any CPU.ActiveCfg = Debug|Any CPU
		{89009A09-9976-46C6-8D75-F1861367BC23}.Debug|Any CPU.Build.0 = Debug|Any CPU
		{89009A09-9976-46C6-8D75-F1861367BC23}.Release|Any CPU.ActiveCfg = Release|Any CPU
		{89009A09-9976-46C6-8D75-F1861367BC23}.Release|Any CPU.Build.0 = Release|Any CPU
		{728F84D0-61D0-4005-BB1C-EF667E187B50}.Debug|Any CPU.ActiveCfg = Debug|Any CPU
		{728F84D0-61D0-4005-BB1C-EF667E187B50}.Debug|Any CPU.Build.0 = Debug|Any CPU
		{728F84D0-61D0-4005-BB1C-EF667E187B50}.Release|Any CPU.ActiveCfg = Release|Any CPU
		{728F84D0-61D0-4005-BB1C-EF667E187B50}.Release|Any CPU.Build.0 = Release|Any CPU
	EndGlobalSection
	GlobalSection(SolutionProperties) = preSolution
		HideSolutionNode = FALSE
	EndGlobalSection
	GlobalSection(ExtensibilityGlobals) = postSolution
		SolutionGuid = {124B9F7C-C4FD-46C5-9441-1861DE511EC1}
	EndGlobalSection
EndGlobal
